
Microsoft Visual Studio Solution File, Format Version 12.00
Project("{FAE04EC0-301F-11D3-BF4B-00C04F79EFBC}") = "DigiGame", "DigiGame\DigiGame.csproj", "{2B484189-0DDD-4017-A59F-A3AB560FF32E}"
EndProject
Global
	GlobalSection(SolutionConfigurationPlatforms) = preSolution
		Debug|Any CPU = Debug|Any CPU
		Release|Any CPU = Release|Any CPU
	EndGlobalSection
	GlobalSection(ProjectConfigurationPlatforms) = postSolution
		{2B484189-0DDD-4017-A59F-A3AB560FF32E}.Debug|Any CPU.ActiveCfg = Debug|Any CPU
		{2B484189-0DDD-4017-A59F-A3AB560FF32E}.Debug|Any CPU.Build.0 = Debug|Any CPU
		{2B484189-0DDD-4017-A59F-A3AB560FF32E}.Release|Any CPU.ActiveCfg = Release|Any CPU
		{2B484189-0DDD-4017-A59F-A3AB560FF32E}.Release|Any CPU.Build.0 = Release|Any CPU
	EndGlobalSection
EndGlobal
